PODS:
  - KHKit (101):
    - KHKit/KHCategorys (= 101)
    - KHKit/KHUtils (= 101)
    - KHKit/KHViews (= 101)
  - KHKit/KHCategorys (101)
  - KHKit/KHUtils (101)
  - KHKit/KHViews (101)

DEPENDENCIES:
  - KHKit (from `../`)

EXTERNAL SOURCES:
  KHKit:
    :path: "../"

SPEC CHECKSUMS:
  KHKit: a8eed43cf820dd6c9a9beb89fb85ae67fc0ff23e

PODFILE CHECKSUM: 887da61f4c2ff88c98cf6df5117bbc57fc28e787

COCOAPODS: 1.10.1
